<?xml version="1.0" encoding="utf-8"?>
<Project ToolsVersion="4.0" xmlns="http://schemas.microsoft.com/developer/msbuild/2003">
  <ItemGroup>
    <Filter Include="Source Files">
      <UniqueIdentifier>{4FC737F1-C7A5-4376-A066-2A32D752A2FF}</UniqueIdentifier>
      <Extensions>cpp;c;cc;cxx;def;odl;idl;hpj;bat;asm;asmx</Extensions>
    </Filter>
    <Filter Include="Enemy">
      <UniqueIdentifier>{947fa0c8-4d2b-4b74-aa5b-3dd211319f07}</UniqueIdentifier>
    </Filter>
    <Filter Include="Object">
      <UniqueIdentifier>{b9a252ce-26e5-49cd-8d25-5f69d18e8171}</UniqueIdentifier>
    </Filter>
    <Filter Include="Player">
      <UniqueIdentifier>{40bf381e-396a-4cd6-b2e9-8d21dd3fbddf}</UniqueIdentifier>
    </Filter>
    <Filter Include="Scene">
      <UniqueIdentifier>{2f75943d-5990-48ae-89c0-ededeba204d7}</UniqueIdentifier>
    </Filter>
    <Filter Include="GameEgine">
      <UniqueIdentifier>{93995380-89BD-4b04-88EB-625FBE52EBFB}</UniqueIdentifier>
      <Extensions>h;hh;hpp;hxx;hm;inl;inc;xsd</Extensions>
    </Filter>
    <Filter Include="Define">
      <UniqueIdentifier>{3bdc7554-2e6f-4953-a17a-a3365da0e494}</UniqueIdentifier>
    </Filter>
    <Filter Include="Object\Item">
      <UniqueIdentifier>{86fe38e1-7b6f-4d98-97e5-31c7b198509f}</UniqueIdentifier>
    </Filter>
    <Filter Include="Camera">
      <UniqueIdentifier>{babb2b31-0dd4-4a98-95d2-ebab2643c110}</UniqueIdentifier>
    </Filter>
    <Filter Include="HUD">
      <UniqueIdentifier>{e6282089-8f3e-4581-a5d6-d5481a105f92}</UniqueIdentifier>
    </Filter>
    <Filter Include="Effect">
      <UniqueIdentifier>{aa83787c-a947-48ee-a65b-166fb9e274d5}</UniqueIdentifier>
    </Filter>
  </ItemGroup>
  <ItemGroup>
    <ClCompile Include="main.cpp">
      <Filter>Source Files</Filter>
    </ClCompile>
    <ClCompile Include="Koopas.cpp">
      <Filter>Enemy</Filter>
    </ClCompile>
    <ClCompile Include="Goomba.cpp">
      <Filter>Enemy</Filter>
    </ClCompile>
    <ClCompile Include="Ground.cpp">
      <Filter>Object</Filter>
    </ClCompile>
    <ClCompile Include="Brick.cpp">
      <Filter>Object</Filter>
    </ClCompile>
    <ClCompile Include="Mario.cpp">
      <Filter>Player</Filter>
    </ClCompile>
    <ClCompile Include="Scence.cpp">
      <Filter>Scene</Filter>
    </ClCompile>
    <ClCompile Include="PlayScence.cpp">
      <Filter>Scene</Filter>
    </ClCompile>
    <ClCompile Include="Textures.cpp">
      <Filter>GameEgine</Filter>
    </ClCompile>
    <ClCompile Include="Sprites.cpp">
      <Filter>GameEgine</Filter>
    </ClCompile>
    <ClCompile Include="GameObject.cpp">
      <Filter>GameEgine</Filter>
    </ClCompile>
    <ClCompile Include="Game.cpp">
      <Filter>GameEgine</Filter>
    </ClCompile>
    <ClCompile Include="Animations.cpp">
      <Filter>GameEgine</Filter>
    </ClCompile>
    <ClCompile Include="Utils.cpp">
      <Filter>Define</Filter>
    </ClCompile>
    <ClCompile Include="Portal.cpp">
      <Filter>Object</Filter>
    </ClCompile>
    <ClCompile Include="Define.cpp">
      <Filter>Source Files</Filter>
    </ClCompile>
    <ClCompile Include="WarpPipe.cpp">
      <Filter>Object</Filter>
    </ClCompile>
    <ClCompile Include="Block.cpp">
      <Filter>Object</Filter>
    </ClCompile>
    <ClCompile Include="QuestionBrick.cpp">
      <Filter>Object</Filter>
    </ClCompile>
    <ClCompile Include="MushRoom.cpp">
      <Filter>Object\Item</Filter>
    </ClCompile>
    <ClCompile Include="Item.cpp">
      <Filter>Object\Item</Filter>
    </ClCompile>
    <ClCompile Include="FirePiranhaPlant.cpp">
      <Filter>Enemy</Filter>
    </ClCompile>
    <ClCompile Include="FireBullet.cpp">
      <Filter>Object</Filter>
    </ClCompile>
    <ClCompile Include="Tail.cpp">
      <Filter>Player</Filter>
    </ClCompile>
    <ClCompile Include="Coin.cpp">
      <Filter>Object\Item</Filter>
    </ClCompile>
    <ClCompile Include="Leaf.cpp">
      <Filter>Object\Item</Filter>
    </ClCompile>
    <ClCompile Include="Camera.cpp">
      <Filter>Camera</Filter>
    </ClCompile>
    <ClCompile Include="Hud.cpp">
      <Filter>HUD</Filter>
    </ClCompile>
    <ClCompile Include="HUD_Time.cpp">
      <Filter>HUD</Filter>
    </ClCompile>
    <ClCompile Include="RedKoopas.cpp">
      <Filter>Enemy</Filter>
    </ClCompile>
    <ClCompile Include="SceneManager.cpp">
      <Filter>Source Files</Filter>
    </ClCompile>
    <ClCompile Include="WorldMapScene.cpp">
      <Filter>Scene</Filter>
    </ClCompile>
    <ClCompile Include="MarioWM.cpp">
      <Filter>Player</Filter>
    </ClCompile>
    <ClCompile Include="Effect.cpp">
      <Filter>Effect</Filter>
    </ClCompile>
    <ClCompile Include="Map.cpp">
      <Filter>Scene</Filter>
    </ClCompile>
    <ClCompile Include="Button.cpp">
      <Filter>Object</Filter>
    </ClCompile>
    <ClCompile Include="BigCoin.cpp">
      <Filter>Object</Filter>
    </ClCompile>
    <ClCompile Include="Score.cpp">
      <Filter>Player</Filter>
    </ClCompile>
    <ClCompile Include="PiranhaPlant.cpp">
      <Filter>Enemy</Filter>
    </ClCompile>
    <ClCompile Include="RedKoopasAI.cpp">
      <Filter>Enemy</Filter>
    </ClCompile>
  </ItemGroup>
  <ItemGroup>
    <ClInclude Include="Game.h">
      <Filter>GameEgine</Filter>
    </ClInclude>
    <ClInclude Include="GameObject.h">
      <Filter>GameEgine</Filter>
    </ClInclude>
    <ClInclude Include="Sprites.h">
      <Filter>GameEgine</Filter>
    </ClInclude>
    <ClInclude Include="Textures.h">
      <Filter>GameEgine</Filter>
    </ClInclude>
    <ClInclude Include="Animations.h">
      <Filter>GameEgine</Filter>
    </ClInclude>
    <ClInclude Include="KeyEventHandler.h">
      <Filter>GameEgine</Filter>
    </ClInclude>
    <ClInclude Include="Goomba.h">
      <Filter>Enemy</Filter>
    </ClInclude>
    <ClInclude Include="Koopas.h">
      <Filter>Enemy</Filter>
    </ClInclude>
    <ClInclude Include="Brick.h">
      <Filter>Object</Filter>
    </ClInclude>
    <ClInclude Include="Ground.h">
      <Filter>Object</Filter>
    </ClInclude>
    <ClInclude Include="Mario.h">
      <Filter>Player</Filter>
    </ClInclude>
    <ClInclude Include="Scence.h">
      <Filter>Scene</Filter>
    </ClInclude>
    <ClInclude Include="PlayScence.h">
      <Filter>Scene</Filter>
    </ClInclude>
    <ClInclude Include="Utils.h">
      <Filter>Define</Filter>
    </ClInclude>
    <ClInclude Include="Portal.h">
      <Filter>Object</Filter>
    </ClInclude>
    <ClInclude Include="WarpPipe.h">
      <Filter>Object</Filter>
    </ClInclude>
    <ClInclude Include="Define.h">
      <Filter>Define</Filter>
    </ClInclude>
    <ClInclude Include="Block.h">
      <Filter>Object</Filter>
    </ClInclude>
    <ClInclude Include="QuestionBrick.h">
      <Filter>Object</Filter>
    </ClInclude>
    <ClInclude Include="MushRoom.h">
      <Filter>Object\Item</Filter>
    </ClInclude>
    <ClInclude Include="Item.h">
      <Filter>Object\Item</Filter>
    </ClInclude>
    <ClInclude Include="FirePiranhaPlant.h">
      <Filter>Enemy</Filter>
    </ClInclude>
    <ClInclude Include="FireBullet.h">
      <Filter>Object</Filter>
    </ClInclude>
    <ClInclude Include="Coin.h">
      <Filter>Object\Item</Filter>
    </ClInclude>
    <ClInclude Include="Leaf.h">
      <Filter>Object\Item</Filter>
    </ClInclude>
    <ClInclude Include="Camera.h">
      <Filter>Camera</Filter>
    </ClInclude>
    <ClInclude Include="Tail.h">
      <Filter>Player</Filter>
    </ClInclude>
    <ClInclude Include="Hud.h">
      <Filter>HUD</Filter>
    </ClInclude>
    <ClInclude Include="HUD_Time.h">
      <Filter>HUD</Filter>
    </ClInclude>
    <ClInclude Include="RedKoopas.h">
      <Filter>Enemy</Filter>
    </ClInclude>
    <ClInclude Include="SceneManager.h">
      <Filter>GameEgine</Filter>
    </ClInclude>
    <ClInclude Include="WorldMapScene.h">
      <Filter>Scene</Filter>
    </ClInclude>
    <ClInclude Include="MarioWM.h">
      <Filter>Player</Filter>
    </ClInclude>
    <ClInclude Include="Effect.h">
      <Filter>Effect</Filter>
    </ClInclude>
    <ClInclude Include="Button.h">
      <Filter>Object</Filter>
    </ClInclude>
    <ClInclude Include="Map.h">
      <Filter>Scene</Filter>
    </ClInclude>
    <ClInclude Include="BigCoin.h">
      <Filter>Object</Filter>
    </ClInclude>
    <ClInclude Include="Score.h">
      <Filter>Player</Filter>
    </ClInclude>
    <ClInclude Include="PiranhaPlant.h">
      <Filter>Enemy</Filter>
    </ClInclude>
    <ClInclude Include="RedKoopasAI.h">
      <Filter>Enemy</Filter>
    </ClInclude>
  </ItemGroup>
</Project>